
Microsoft Visual Studio Solution File, Format Version 12.00
# Visual Studio Version 17
VisualStudioVersion = 17.0.31903.59
MinimumVisualStudioVersion = 10.0.40219.1
Project("{FAE04EC0-301F-11D3-BF4B-00C04F79EFBC}") = "ListComaparatorWithTests", ".\ListComaparatorWithTests.csproj", "{047BAC9A-D10C-4187-9355-02979B65D9B8}"
EndProject
Global
	GlobalSection(SolutionConfigurationPlatforms) = preSolution
		Debug|Any CPU = Debug|Any CPU
		Release|Any CPU = Release|Any CPU
	EndGlobalSection
	GlobalSection(ProjectConfigurationPlatforms) = postSolution
		{047BAC9A-D10C-4187-9355-02979B65D9B8}.Debug|Any CPU.ActiveCfg = Debug|Any CPU
		{047BAC9A-D10C-4187-9355-02979B65D9B8}.Debug|Any CPU.Build.0 = Debug|Any CPU
		{047BAC9A-D10C-4187-9355-02979B65D9B8}.Release|Any CPU.ActiveCfg = Release|Any CPU
		{047BAC9A-D10C-4187-9355-02979B65D9B8}.Release|Any CPU.Build.0 = Release|Any CPU
	EndGlobalSection
	GlobalSection(SolutionProperties) = preSolution
		HideSolutionNode = FALSE
	EndGlobalSection
	GlobalSection(ExtensibilityGlobals) = postSolution
		SolutionGuid = {192A0D7F-0779-42A0-A4D6-8E1B4FC4DF12}
	EndGlobalSection
EndGlobal
